
Microsoft Visual Studio Solution File, Format Version 12.00
# Visual Studio Version 17
VisualStudioVersion = 17.4.33403.182
MinimumVisualStudioVersion = 10.0.40219.1
Project("{FAE04EC0-301F-11D3-BF4B-00C04F79EFBC}") = "AbstractClassDemo", "AbstractClassDemo\AbstractClassDemo.csproj", "{4AE7E228-C644-496C-BB28-613439E60E63}"
EndProject
Project("{FAE04EC0-301F-11D3-BF4B-00C04F79EFBC}") = "TestDemo", "TestDemo\TestDemo.csproj", "{C0ECF983-4093-4272-AA3C-4735D3DE24A6}"
EndProject
Global
	GlobalSection(SolutionConfigurationPlatforms) = preSolution
		Debug|Any CPU = Debug|Any CPU
		Release|Any CPU = Release|Any CPU
	EndGlobalSection
	GlobalSection(ProjectConfigurationPlatforms) = postSolution
		{4AE7E228-C644-496C-BB28-613439E60E63}.Debug|Any CPU.ActiveCfg = Debug|Any CPU
		{4AE7E228-C644-496C-BB28-613439E60E63}.Debug|Any CPU.Build.0 = Debug|Any CPU
		{4AE7E228-C644-496C-BB28-613439E60E63}.Release|Any CPU.ActiveCfg = Release|Any CPU
		{4AE7E228-C644-496C-BB28-613439E60E63}.Release|Any CPU.Build.0 = Release|Any CPU
		{C0ECF983-4093-4272-AA3C-4735D3DE24A6}.Debug|Any CPU.ActiveCfg = Debug|Any CPU
		{C0ECF983-4093-4272-AA3C-4735D3DE24A6}.Debug|Any CPU.Build.0 = Debug|Any CPU
		{C0ECF983-4093-4272-AA3C-4735D3DE24A6}.Release|Any CPU.ActiveCfg = Release|Any CPU
		{C0ECF983-4093-4272-AA3C-4735D3DE24A6}.Release|Any CPU.Build.0 = Release|Any CPU
	EndGlobalSection
	GlobalSection(SolutionProperties) = preSolution
		HideSolutionNode = FALSE
	EndGlobalSection
	GlobalSection(ExtensibilityGlobals) = postSolution
		SolutionGuid = {6FA14C33-ED9C-4E9C-9EE3-BD2057BD5121}
	EndGlobalSection
EndGlobal
